// !$*UTF8*$!
{
	archiveVersion = 1;
	classes = {
	};
	objectVersion = 56;
	objects = {

/* Begin PBXBuildFile section */
		5708FCC72C39D4AD0069222F /* Task.swift in Sources */ = {isa = PBXBuildFile; fileRef = 5708FCC62C39D4AD0069222F /* Task.swift */; };
		5708FCC92C39DA680069222F /* Constants.swift in Sources */ = {isa = PBXBuildFile; fileRef = 5708FCC82C39DA680069222F /* Constants.swift */; };
		570A82552C5174B10067CFF5 /* RootTableViewDelegate.swift in Sources */ = {isa = PBXBuildFile; fileRef = 570A82542C5174B10067CFF5 /* RootTableViewDelegate.swift */; };
		570A82572C5263530067CFF5 /* DoneViewController.swift in Sources */ = {isa = PBXBuildFile; fileRef = 570A82562C5263530067CFF5 /* DoneViewController.swift */; };
		570A82592C52638B0067CFF5 /* ExpiredViewController.swift in Sources */ = {isa = PBXBuildFile; fileRef = 570A82582C52638B0067CFF5 /* ExpiredViewController.swift */; };
		57424F912C0764C9008A385E /* AddTaskViewController.swift in Sources */ = {isa = PBXBuildFile; fileRef = 57424F902C0764C9008A385E /* AddTaskViewController.swift */; };
		5742964D2C0DB67300465F6A /* CustomHorizontalPickerView.swift in Sources */ = {isa = PBXBuildFile; fileRef = 5742964C2C0DB67300465F6A /* CustomHorizontalPickerView.swift */; };
		57898C322BFD1FF600B213B5 /* AppDelegate.swift in Sources */ = {isa = PBXBuildFile; fileRef = 57898C312BFD1FF600B213B5 /* AppDelegate.swift */; };
		57898C342BFD1FF600B213B5 /* SceneDelegate.swift in Sources */ = {isa = PBXBuildFile; fileRef = 57898C332BFD1FF600B213B5 /* SceneDelegate.swift */; };
		57898C392BFD1FF600B213B5 /* Main.storyboard in Resources */ = {isa = PBXBuildFile; fileRef = 57898C372BFD1FF600B213B5 /* Main.storyboard */; };
		57898C3E2BFD1FFA00B213B5 /* Assets.xcassets in Resources */ = {isa = PBXBuildFile; fileRef = 57898C3D2BFD1FFA00B213B5 /* Assets.xcassets */; };
		57898C412BFD1FFA00B213B5 /* LaunchScreen.storyboard in Resources */ = {isa = PBXBuildFile; fileRef = 57898C3F2BFD1FFA00B213B5 /* LaunchScreen.storyboard */; };
		57898C4D2BFD214200B213B5 /* MainViewController.swift in Sources */ = {isa = PBXBuildFile; fileRef = 57898C4C2BFD214200B213B5 /* MainViewController.swift */; };
		57898C502BFD21D300B213B5 /* TableViewCell.swift in Sources */ = {isa = PBXBuildFile; fileRef = 57898C4E2BFD21D300B213B5 /* TableViewCell.swift */; };
		57898C512BFD21D300B213B5 /* TableViewCell.xib in Resources */ = {isa = PBXBuildFile; fileRef = 57898C4F2BFD21D300B213B5 /* TableViewCell.xib */; };
		57C875052C4AF861009E1165 /* Importance.swift in Sources */ = {isa = PBXBuildFile; fileRef = 57C875042C4AF861009E1165 /* Importance.swift */; };
		783FEFA354812067E6C7DA9E /* Pods_MaFa.framework in Frameworks */ = {isa = PBXBuildFile; fileRef = 4CDC5528DA94E242D63C5EFA /* Pods_MaFa.framework */; };
/* End PBXBuildFile section */

/* Begin PBXFileReference section */
		103F15683AC6284A3EA87402 /* Pods-MaFa.debug.xcconfig */ = {isa = PBXFileReference; includeInIndex = 1; lastKnownFileType = text.xcconfig; name = "Pods-MaFa.debug.xcconfig"; path = "Target Support Files/Pods-MaFa/Pods-MaFa.debug.xcconfig"; sourceTree = "<group>"; };
		2972F0624511578EE781405C /* Pods-MaFa.release.xcconfig */ = {isa = PBXFileReference; includeInIndex = 1; lastKnownFileType = text.xcconfig; name = "Pods-MaFa.release.xcconfig"; path = "Target Support Files/Pods-MaFa/Pods-MaFa.release.xcconfig"; sourceTree = "<group>"; };
		4CDC5528DA94E242D63C5EFA /* Pods_MaFa.framework */ = {isa = PBXFileReference; explicitFileType = wrapper.framework; includeInIndex = 0; path = Pods_MaFa.framework; sourceTree = BUILT_PRODUCTS_DIR; };
		5708FCC62C39D4AD0069222F /* Task.swift */ = {isa = PBXFileReference; lastKnownFileType = sourcecode.swift; path = Task.swift; sourceTree = "<group>"; };
		5708FCC82C39DA680069222F /* Constants.swift */ = {isa = PBXFileReference; lastKnownFileType = sourcecode.swift; path = Constants.swift; sourceTree = "<group>"; };
		570A82542C5174B10067CFF5 /* RootTableViewDelegate.swift */ = {isa = PBXFileReference; lastKnownFileType = sourcecode.swift; path = RootTableViewDelegate.swift; sourceTree = "<group>"; };
		570A82562C5263530067CFF5 /* DoneViewController.swift */ = {isa = PBXFileReference; lastKnownFileType = sourcecode.swift; path = DoneViewController.swift; sourceTree = "<group>"; };
		570A82582C52638B0067CFF5 /* ExpiredViewController.swift */ = {isa = PBXFileReference; lastKnownFileType = sourcecode.swift; path = ExpiredViewController.swift; sourceTree = "<group>"; };
		57424F902C0764C9008A385E /* AddTaskViewController.swift */ = {isa = PBXFileReference; lastKnownFileType = sourcecode.swift; path = AddTaskViewController.swift; sourceTree = "<group>"; };
		5742964C2C0DB67300465F6A /* CustomHorizontalPickerView.swift */ = {isa = PBXFileReference; lastKnownFileType = sourcecode.swift; path = CustomHorizontalPickerView.swift; sourceTree = "<group>"; };
		57898C2E2BFD1FF600B213B5 /* MaFa.app */ = {isa = PBXFileReference; explicitFileType = wrapper.application; includeInIndex = 0; path = MaFa.app; sourceTree = BUILT_PRODUCTS_DIR; };
		57898C312BFD1FF600B213B5 /* AppDelegate.swift */ = {isa = PBXFileReference; lastKnownFileType = sourcecode.swift; path = AppDelegate.swift; sourceTree = "<group>"; };
		57898C332BFD1FF600B213B5 /* SceneDelegate.swift */ = {isa = PBXFileReference; lastKnownFileType = sourcecode.swift; path = SceneDelegate.swift; sourceTree = "<group>"; };
		57898C382BFD1FF600B213B5 /* Base */ = {isa = PBXFileReference; lastKnownFileType = file.storyboard; name = Base; path = Base.lproj/Main.storyboard; sourceTree = "<group>"; };
		57898C3D2BFD1FFA00B213B5 /* Assets.xcassets */ = {isa = PBXFileReference; lastKnownFileType = folder.assetcatalog; path = Assets.xcassets; sourceTree = "<group>"; };
		57898C402BFD1FFA00B213B5 /* Base */ = {isa = PBXFileReference; lastKnownFileType = file.storyboard; name = Base; path = Base.lproj/LaunchScreen.storyboard; sourceTree = "<group>"; };
		57898C422BFD1FFA00B213B5 /* Info.plist */ = {isa = PBXFileReference; lastKnownFileType = text.plist.xml; path = Info.plist; sourceTree = "<group>"; };
		57898C4C2BFD214200B213B5 /* MainViewController.swift */ = {isa = PBXFileReference; lastKnownFileType = sourcecode.swift; path = MainViewController.swift; sourceTree = "<group>"; };
		57898C4E2BFD21D300B213B5 /* TableViewCell.swift */ = {isa = PBXFileReference; lastKnownFileType = sourcecode.swift; path = TableViewCell.swift; sourceTree = "<group>"; };
		57898C4F2BFD21D300B213B5 /* TableViewCell.xib */ = {isa = PBXFileReference; lastKnownFileType = file.xib; path = TableViewCell.xib; sourceTree = "<group>"; };
		57C875042C4AF861009E1165 /* Importance.swift */ = {isa = PBXFileReference; lastKnownFileType = sourcecode.swift; path = Importance.swift; sourceTree = "<group>"; };
/* End PBXFileReference section */

/* Begin PBXFrameworksBuildPhase section */
		57898C2B2BFD1FF600B213B5 /* Frameworks */ = {
			isa = PBXFrameworksBuildPhase;
			buildActionMask = 2147483647;
			files = (
				783FEFA354812067E6C7DA9E /* Pods_MaFa.framework in Frameworks */,
			);
			runOnlyForDeploymentPostprocessing = 0;
		};
/* End PBXFrameworksBuildPhase section */

/* Begin PBXGroup section */
		57898C252BFD1FF600B213B5 = {
			isa = PBXGroup;
			children = (
				57898C302BFD1FF600B213B5 /* MaFa */,
				57898C2F2BFD1FF600B213B5 /* Products */,
				C52E28C450DF0A8ED6E02BF2 /* Pods */,
				7FE0B71B87117EAD3FED3D8B /* Frameworks */,
			);
			sourceTree = "<group>";
		};
		57898C2F2BFD1FF600B213B5 /* Products */ = {
			isa = PBXGroup;
			children = (
				57898C2E2BFD1FF600B213B5 /* MaFa.app */,
			);
			name = Products;
			sourceTree = "<group>";
		};
		57898C302BFD1FF600B213B5 /* MaFa */ = {
			isa = PBXGroup;
			children = (
				57898C492BFD201600B213B5 /* Model */,
				57898C4A2BFD202000B213B5 /* View */,
				57898C4B2BFD202A00B213B5 /* Controller */,
				57898C312BFD1FF600B213B5 /* AppDelegate.swift */,
				57898C332BFD1FF600B213B5 /* SceneDelegate.swift */,
				57898C3D2BFD1FFA00B213B5 /* Assets.xcassets */,
				57898C3F2BFD1FFA00B213B5 /* LaunchScreen.storyboard */,
				57898C422BFD1FFA00B213B5 /* Info.plist */,
				5708FCC82C39DA680069222F /* Constants.swift */,
			);
			path = MaFa;
			sourceTree = "<group>";
		};
		57898C492BFD201600B213B5 /* Model */ = {
			isa = PBXGroup;
			children = (
				5708FCC62C39D4AD0069222F /* Task.swift */,
				57C875042C4AF861009E1165 /* Importance.swift */,
			);
			path = Model;
			sourceTree = "<group>";
		};
		57898C4A2BFD202000B213B5 /* View */ = {
			isa = PBXGroup;
			children = (
				57898C372BFD1FF600B213B5 /* Main.storyboard */,
				57898C4F2BFD21D300B213B5 /* TableViewCell.xib */,
				57898C4E2BFD21D300B213B5 /* TableViewCell.swift */,
			);
			path = View;
			sourceTree = "<group>";
		};
		57898C4B2BFD202A00B213B5 /* Controller */ = {
			isa = PBXGroup;
			children = (
				57898C4C2BFD214200B213B5 /* MainViewController.swift */,
				570A82562C5263530067CFF5 /* DoneViewController.swift */,
				570A82582C52638B0067CFF5 /* ExpiredViewController.swift */,
				57424F902C0764C9008A385E /* AddTaskViewController.swift */,
				5742964C2C0DB67300465F6A /* CustomHorizontalPickerView.swift */,
				570A82542C5174B10067CFF5 /* RootTableViewDelegate.swift */,
			);
			path = Controller;
			sourceTree = "<group>";
		};
		7FE0B71B87117EAD3FED3D8B /* Frameworks */ = {
			isa = PBXGroup;
			children = (
				4CDC5528DA94E242D63C5EFA /* Pods_MaFa.framework */,
			);
			name = Frameworks;
			sourceTree = "<group>";
		};
		C52E28C450DF0A8ED6E02BF2 /* Pods */ = {
			isa = PBXGroup;
			children = (
				103F15683AC6284A3EA87402 /* Pods-MaFa.debug.xcconfig */,
				2972F0624511578EE781405C /* Pods-MaFa.release.xcconfig */,
			);
			path = Pods;
			sourceTree = "<group>";
		};
/* End PBXGroup section */

/* Begin PBXNativeTarget section */
		57898C2D2BFD1FF600B213B5 /* MaFa */ = {
			isa = PBXNativeTarget;
			buildConfigurationList = 57898C452BFD1FFA00B213B5 /* Build configuration list for PBXNativeTarget "MaFa" */;
			buildPhases = (
				6D631765CCF0131794A6A443 /* [CP] Check Pods Manifest.lock */,
				57898C2A2BFD1FF600B213B5 /* Sources */,
				57898C2B2BFD1FF600B213B5 /* Frameworks */,
				57898C2C2BFD1FF600B213B5 /* Resources */,
				A8411024952231E730376A2F /* [CP] Embed Pods Frameworks */,
			);
			buildRules = (
			);
			dependencies = (
			);
			name = MaFa;
			productName = MaFa;
			productReference = 57898C2E2BFD1FF600B213B5 /* MaFa.app */;
			productType = "com.apple.product-type.application";
		};
/* End PBXNativeTarget section */

/* Begin PBXProject section */
		57898C262BFD1FF600B213B5 /* Project object */ = {
			isa = PBXProject;
			attributes = {
				BuildIndependentTargetsInParallel = 1;
				LastSwiftUpdateCheck = 1420;
				LastUpgradeCheck = 1420;
				TargetAttributes = {
					57898C2D2BFD1FF600B213B5 = {
						CreatedOnToolsVersion = 14.2;
					};
				};
			};
			buildConfigurationList = 57898C292BFD1FF600B213B5 /* Build configuration list for PBXProject "MaFa" */;
			compatibilityVersion = "Xcode 14.0";
			developmentRegion = en;
			hasScannedForEncodings = 0;
			knownRegions = (
				en,
				Base,
			);
			mainGroup = 57898C252BFD1FF600B213B5;
			productRefGroup = 57898C2F2BFD1FF600B213B5 /* Products */;
			projectDirPath = "";
			projectRoot = "";
			targets = (
				57898C2D2BFD1FF600B213B5 /* MaFa */,
			);
		};
/* End PBXProject section */

/* Begin PBXResourcesBuildPhase section */
		57898C2C2BFD1FF600B213B5 /* Resources */ = {
			isa = PBXResourcesBuildPhase;
			buildActionMask = 2147483647;
			files = (
				57898C412BFD1FFA00B213B5 /* LaunchScreen.storyboard in Resources */,
				57898C512BFD21D300B213B5 /* TableViewCell.xib in Resources */,
				57898C3E2BFD1FFA00B213B5 /* Assets.xcassets in Resources */,
				57898C392BFD1FF600B213B5 /* Main.storyboard in Resources */,
			);
			runOnlyForDeploymentPostprocessing = 0;
		};
/* End PBXResourcesBuildPhase section */

/* Begin PBXShellScriptBuildPhase section */
		6D631765CCF0131794A6A443 /* [CP] Check Pods Manifest.lock */ = {
			isa = PBXShellScriptBuildPhase;
			buildActionMask = 2147483647;
			files = (
			);
			inputFileListPaths = (
			);
			inputPaths = (
				"${PODS_PODFILE_DIR_PATH}/Podfile.lock",
				"${PODS_ROOT}/Manifest.lock",
			);
			name = "[CP] Check Pods Manifest.lock";
			outputFileListPaths = (
			);
			outputPaths = (
				"$(DERIVED_FILE_DIR)/Pods-MaFa-checkManifestLockResult.txt",
			);
			runOnlyForDeploymentPostprocessing = 0;
			shellPath = /bin/sh;
			shellScript = "diff \"${PODS_PODFILE_DIR_PATH}/Podfile.lock\" \"${PODS_ROOT}/Manifest.lock\" > /dev/null\nif [ $? != 0 ] ; then\n    # print error to STDERR\n    echo \"error: The sandbox is not in sync with the Podfile.lock. Run 'pod install' or update your CocoaPods installation.\" >&2\n    exit 1\nfi\n# This output is used by Xcode 'outputs' to avoid re-running this script phase.\necho \"SUCCESS\" > \"${SCRIPT_OUTPUT_FILE_0}\"\n";
			showEnvVarsInLog = 0;
		};
		A8411024952231E730376A2F /* [CP] Embed Pods Frameworks */ = {
			isa = PBXShellScriptBuildPhase;
			buildActionMask = 2147483647;
			files = (
			);
			inputFileListPaths = (
				"${PODS_ROOT}/Target Support Files/Pods-MaFa/Pods-MaFa-frameworks-${CONFIGURATION}-input-files.xcfilelist",
			);
			name = "[CP] Embed Pods Frameworks";
			outputFileListPaths = (
				"${PODS_ROOT}/Target Support Files/Pods-MaFa/Pods-MaFa-frameworks-${CONFIGURATION}-output-files.xcfilelist",
			);
			runOnlyForDeploymentPostprocessing = 0;
			shellPath = /bin/sh;
			shellScript = "\"${PODS_ROOT}/Target Support Files/Pods-MaFa/Pods-MaFa-frameworks.sh\"\n";
			showEnvVarsInLog = 0;
		};
/* End PBXShellScriptBuildPhase section */

/* Begin PBXSourcesBuildPhase section */
		57898C2A2BFD1FF600B213B5 /* Sources */ = {
			isa = PBXSourcesBuildPhase;
			buildActionMask = 2147483647;
			files = (
				57C875052C4AF861009E1165 /* Importance.swift in Sources */,
				5708FCC72C39D4AD0069222F /* Task.swift in Sources */,
				57898C322BFD1FF600B213B5 /* AppDelegate.swift in Sources */,
				570A82572C5263530067CFF5 /* DoneViewController.swift in Sources */,
				57424F912C0764C9008A385E /* AddTaskViewController.swift in Sources */,
				57898C502BFD21D300B213B5 /* TableViewCell.swift in Sources */,
				570A82592C52638B0067CFF5 /* ExpiredViewController.swift in Sources */,
				57898C4D2BFD214200B213B5 /* MainViewController.swift in Sources */,
				57898C342BFD1FF600B213B5 /* SceneDelegate.swift in Sources */,
				570A82552C5174B10067CFF5 /* RootTableViewDelegate.swift in Sources */,
				5742964D2C0DB67300465F6A /* CustomHorizontalPickerView.swift in Sources */,
				5708FCC92C39DA680069222F /* Constants.swift in Sources */,
			);
			runOnlyForDeploymentPostprocessing = 0;
		};
/* End PBXSourcesBuildPhase section */

/* Begin PBXVariantGroup section */
		57898C372BFD1FF600B213B5 /* Main.storyboard */ = {
			isa = PBXVariantGroup;
			children = (
				57898C382BFD1FF600B213B5 /* Base */,
			);
			name = Main.storyboard;
			sourceTree = "<group>";
		};
		57898C3F2BFD1FFA00B213B5 /* LaunchScreen.storyboard */ = {
			isa = PBXVariantGroup;
			children = (
				57898C402BFD1FFA00B213B5 /* Base */,
			);
			name = LaunchScreen.storyboard;
			sourceTree = "<group>";
		};
/* End PBXVariantGroup section */

/* Begin XCBuildConfiguration section */
		57898C432BFD1FFA00B213B5 /* Debug */ = {
			isa = XCBuildConfiguration;
			buildSettings = {
				ALWAYS_SEARCH_USER_PATHS = NO;
				CLANG_ANALYZER_NONNULL = YES;
				CLANG_ANALYZER_NUMBER_OBJECT_CONVERSION = YES_AGGRESSIVE;
				CLANG_CXX_LANGUAGE_STANDARD = "gnu++20";
				CLANG_ENABLE_MODULES = YES;
				CLANG_ENABLE_OBJC_ARC = YES;
				CLANG_ENABLE_OBJC_WEAK = YES;
				CLANG_WARN_BLOCK_CAPTURE_AUTORELEASING = YES;
				CLANG_WARN_BOOL_CONVERSION = YES;
				CLANG_WARN_COMMA = YES;
				CLANG_WARN_CONSTANT_CONVERSION = YES;
				CLANG_WARN_DEPRECATED_OBJC_IMPLEMENTATIONS = YES;
				CLANG_WARN_DIRECT_OBJC_ISA_USAGE = YES_ERROR;
				CLANG_WARN_DOCUMENTATION_COMMENTS = YES;
				CLANG_WARN_EMPTY_BODY = YES;
				CLANG_WARN_ENUM_CONVERSION = YES;
				CLANG_WARN_INFINITE_RECURSION = YES;
				CLANG_WARN_INT_CONVERSION = YES;
				CLANG_WARN_NON_LITERAL_NULL_CONVERSION = YES;
				CLANG_WARN_OBJC_IMPLICIT_RETAIN_SELF = YES;
				CLANG_WARN_OBJC_LITERAL_CONVERSION = YES;
				CLANG_WARN_OBJC_ROOT_CLASS = YES_ERROR;
				CLANG_WARN_QUOTED_INCLUDE_IN_FRAMEWORK_HEADER = YES;
				CLANG_WARN_RANGE_LOOP_ANALYSIS = YES;
				CLANG_WARN_STRICT_PROTOTYPES = YES;
				CLANG_WARN_SUSPICIOUS_MOVE = YES;
				CLANG_WARN_UNGUARDED_AVAILABILITY = YES_AGGRESSIVE;
				CLANG_WARN_UNREACHABLE_CODE = YES;
				CLANG_WARN__DUPLICATE_METHOD_MATCH = YES;
				COPY_PHASE_STRIP = NO;
				DEBUG_INFORMATION_FORMAT = dwarf;
				ENABLE_STRICT_OBJC_MSGSEND = YES;
				ENABLE_TESTABILITY = YES;
				GCC_C_LANGUAGE_STANDARD = gnu11;
				GCC_DYNAMIC_NO_PIC = NO;
				GCC_NO_COMMON_BLOCKS = YES;
				GCC_OPTIMIZATION_LEVEL = 0;
				GCC_PREPROCESSOR_DEFINITIONS = (
					"DEBUG=1",
					"$(inherited)",
				);
				GCC_WARN_64_TO_32_BIT_CONVERSION = YES;
				GCC_WARN_ABOUT_RETURN_TYPE = YES_ERROR;
				GCC_WARN_UNDECLARED_SELECTOR = YES;
				GCC_WARN_UNINITIALIZED_AUTOS = YES_AGGRESSIVE;
				GCC_WARN_UNUSED_FUNCTION = YES;
				GCC_WARN_UNUSED_VARIABLE = YES;
				IPHONEOS_DEPLOYMENT_TARGET = 16.2;
				MTL_ENABLE_DEBUG_INFO = INCLUDE_SOURCE;
				MTL_FAST_MATH = YES;
				ONLY_ACTIVE_ARCH = YES;
				SDKROOT = iphoneos;
				SWIFT_ACTIVE_COMPILATION_CONDITIONS = DEBUG;
				SWIFT_OPTIMIZATION_LEVEL = "-Onone";
			};
			name = Debug;
		};
		57898C442BFD1FFA00B213B5 /* Release */ = {
			isa = XCBuildConfiguration;
			buildSettings = {
				ALWAYS_SEARCH_USER_PATHS = NO;
				CLANG_ANALYZER_NONNULL = YES;
				CLANG_ANALYZER_NUMBER_OBJECT_CONVERSION = YES_AGGRESSIVE;
				CLANG_CXX_LANGUAGE_STANDARD = "gnu++20";
				CLANG_ENABLE_MODULES = YES;
				CLANG_ENABLE_OBJC_ARC = YES;
				CLANG_ENABLE_OBJC_WEAK = YES;
				CLANG_WARN_BLOCK_CAPTURE_AUTORELEASING = YES;
				CLANG_WARN_BOOL_CONVERSION = YES;
				CLANG_WARN_COMMA = YES;
				CLANG_WARN_CONSTANT_CONVERSION = YES;
				CLANG_WARN_DEPRECATED_OBJC_IMPLEMENTATIONS = YES;
				CLANG_WARN_DIRECT_OBJC_ISA_USAGE = YES_ERROR;
				CLANG_WARN_DOCUMENTATION_COMMENTS = YES;
				CLANG_WARN_EMPTY_BODY = YES;
				CLANG_WARN_ENUM_CONVERSION = YES;
				CLANG_WARN_INFINITE_RECURSION = YES;
				CLANG_WARN_INT_CONVERSION = YES;
				CLANG_WARN_NON_LITERAL_NULL_CONVERSION = YES;
				CLANG_WARN_OBJC_IMPLICIT_RETAIN_SELF = YES;
				CLANG_WARN_OBJC_LITERAL_CONVERSION = YES;
				CLANG_WARN_OBJC_ROOT_CLASS = YES_ERROR;
				CLANG_WARN_QUOTED_INCLUDE_IN_FRAMEWORK_HEADER = YES;
				CLANG_WARN_RANGE_LOOP_ANALYSIS = YES;
				CLANG_WARN_STRICT_PROTOTYPES = YES;
				CLANG_WARN_SUSPICIOUS_MOVE = YES;
				CLANG_WARN_UNGUARDED_AVAILABILITY = YES_AGGRESSIVE;
				CLANG_WARN_UNREACHABLE_CODE = YES;
				CLANG_WARN__DUPLICATE_METHOD_MATCH = YES;
				COPY_PHASE_STRIP = NO;
				DEBUG_INFORMATION_FORMAT = "dwarf-with-dsym";
				ENABLE_NS_ASSERTIONS = NO;
				ENABLE_STRICT_OBJC_MSGSEND = YES;
				GCC_C_LANGUAGE_STANDARD = gnu11;
				GCC_NO_COMMON_BLOCKS = YES;
				GCC_WARN_64_TO_32_BIT_CONVERSION = YES;
				GCC_WARN_ABOUT_RETURN_TYPE = YES_ERROR;
				GCC_WARN_UNDECLARED_SELECTOR = YES;
				GCC_WARN_UNINITIALIZED_AUTOS = YES_AGGRESSIVE;
				GCC_WARN_UNUSED_FUNCTION = YES;
				GCC_WARN_UNUSED_VARIABLE = YES;
				IPHONEOS_DEPLOYMENT_TARGET = 16.2;
				MTL_ENABLE_DEBUG_INFO = NO;
				MTL_FAST_MATH = YES;
				SDKROOT = iphoneos;
				SWIFT_COMPILATION_MODE = wholemodule;
				SWIFT_OPTIMIZATION_LEVEL = "-O";
				VALIDATE_PRODUCT = YES;
			};
			name = Release;
		};
		57898C462BFD1FFA00B213B5 /* Debug */ = {
			isa = XCBuildConfiguration;
			baseConfigurationReference = 103F15683AC6284A3EA87402 /* Pods-MaFa.debug.xcconfig */;
			buildSettings = {
				ASSETCATALOG_COMPILER_APPICON_NAME = AppIcon;
				ASSETCATALOG_COMPILER_GLOBAL_ACCENT_COLOR_NAME = AccentColor;
				CODE_SIGN_STYLE = Automatic;
				CURRENT_PROJECT_VERSION = 1;
				DEVELOPMENT_TEAM = KL55U7JTSU;
				GENERATE_INFOPLIST_FILE = YES;
				INFOPLIST_FILE = MaFa/Info.plist;
				INFOPLIST_KEY_UIApplicationSupportsIndirectInputEvents = YES;
				INFOPLIST_KEY_UILaunchStoryboardName = LaunchScreen;
				INFOPLIST_KEY_UIMainStoryboardFile = Main;
				INFOPLIST_KEY_UISupportedInterfaceOrientations_iPad = "UIInterfaceOrientationPortrait UIInterfaceOrientationPortraitUpsideDown UIInterfaceOrientationLandscapeLeft UIInterfaceOrientationLandscapeRight";
				INFOPLIST_KEY_UISupportedInterfaceOrientations_iPhone = "UIInterfaceOrientationPortrait UIInterfaceOrientationLandscapeLeft UIInterfaceOrientationLandscapeRight";
				LD_RUNPATH_SEARCH_PATHS = (
					"$(inherited)",
					"@executable_path/Frameworks",
				);
				MARKETING_VERSION = 1.0;
				PRODUCT_BUNDLE_IDENTIFIER = maximus.MaFa;
				PRODUCT_NAME = "$(TARGET_NAME)";
				SWIFT_EMIT_LOC_STRINGS = YES;
				SWIFT_VERSION = 5.0;
				TARGETED_DEVICE_FAMILY = "1,2";
			};
			name = Debug;
		};
		57898C472BFD1FFA00B213B5 /* Release */ = {
			isa = XCBuildConfiguration;
			baseConfigurationReference = 2972F0624511578EE781405C /* Pods-MaFa.release.xcconfig */;
			buildSettings = {
				ASSETCATALOG_COMPILER_APPICON_NAME = AppIcon;
				ASSETCATALOG_COMPILER_GLOBAL_ACCENT_COLOR_NAME = AccentColor;
				CODE_SIGN_STYLE = Automatic;
				CURRENT_PROJECT_VERSION = 1;
				DEVELOPMENT_TEAM = KL55U7JTSU;
				GENERATE_INFOPLIST_FILE = YES;
				INFOPLIST_FILE = MaFa/Info.plist;
				INFOPLIST_KEY_UIApplicationSupportsIndirectInputEvents = YES;
				INFOPLIST_KEY_UILaunchStoryboardName = LaunchScreen;
				INFOPLIST_KEY_UIMainStoryboardFile = Main;
				INFOPLIST_KEY_UISupportedInterfaceOrientations_iPad = "UIInterfaceOrientationPortrait UIInterfaceOrientationPortraitUpsideDown UIInterfaceOrientationLandscapeLeft UIInterfaceOrientationLandscapeRight";
				INFOPLIST_KEY_UISupportedInterfaceOrientations_iPhone = "UIInterfaceOrientationPortrait UIInterfaceOrientationLandscapeLeft UIInterfaceOrientationLandscapeRight";
				LD_RUNPATH_SEARCH_PATHS = (
					"$(inherited)",
					"@executable_path/Frameworks",
				);
				MARKETING_VERSION = 1.0;
				PRODUCT_BUNDLE_IDENTIFIER = maximus.MaFa;
				PRODUCT_NAME = "$(TARGET_NAME)";
				SWIFT_EMIT_LOC_STRINGS = YES;
				SWIFT_VERSION = 5.0;
				TARGETED_DEVICE_FAMILY = "1,2";
			};
			name = Release;
		};
/* End XCBuildConfiguration section */

/* Begin XCConfigurationList section */
		57898C292BFD1FF600B213B5 /* Build configuration list for PBXProject "MaFa" */ = {
			isa = XCConfigurationList;
			buildConfigurations = (
				57898C432BFD1FFA00B213B5 /* Debug */,
				57898C442BFD1FFA00B213B5 /* Release */,
			);
			defaultConfigurationIsVisible = 0;
			defaultConfigurationName = Release;
		};
		57898C452BFD1FFA00B213B5 /* Build configuration list for PBXNativeTarget "MaFa" */ = {
			isa = XCConfigurationList;
			buildConfigurations = (
				57898C462BFD1FFA00B213B5 /* Debug */,
				57898C472BFD1FFA00B213B5 /* Release */,
			);
			defaultConfigurationIsVisible = 0;
			defaultConfigurationName = Release;
		};
/* End XCConfigurationList section */
	};
	rootObject = 57898C262BFD1FF600B213B5 /* Project object */;
}
